{
  "object": {
    "pins": [
      {
        "package": "Kingfisher",
        "repositoryURL": "https://github.com/onevcat/Kingfisher",
        "state": {
          "branch": null,
          "revision": "af4be924ad984cf4d16f4ae4df424e79a443d435",
          "version": "7.6.2"
        }
      }
    ]
  },
  "version": 1
}
