// !$*UTF8*$!
{
	archiveVersion = 1;
	classes = {
	};
	objectVersion = 52;
	objects = {

/* Begin PBXBuildFile section */
		07614EA220B5565F00917A0C /* AdvancedMarkdownViewController.swift in Sources */ = {isa = PBXBuildFile; fileRef = 07614EA120B5565F00917A0C /* AdvancedMarkdownViewController.swift */; };
		0DFE058029DEC25B00AD2BF0 /* markymark in Frameworks */ = {isa = PBXBuildFile; productRef = 0DFE057F29DEC25B00AD2BF0 /* markymark */; };
		607FACD61AFB9204008FA782 /* AppDelegate.swift in Sources */ = {isa = PBXBuildFile; fileRef = 607FACD51AFB9204008FA782 /* AppDelegate.swift */; };
		607FACD81AFB9204008FA782 /* SimpleMarkDownViewController.swift in Sources */ = {isa = PBXBuildFile; fileRef = 607FACD71AFB9204008FA782 /* SimpleMarkDownViewController.swift */; };
		607FACDB1AFB9204008FA782 /* Main.storyboard in Resources */ = {isa = PBXBuildFile; fileRef = 607FACD91AFB9204008FA782 /* Main.storyboard */; };
		607FACDD1AFB9204008FA782 /* Images.xcassets in Resources */ = {isa = PBXBuildFile; fileRef = 607FACDC1AFB9204008FA782 /* Images.xcassets */; };
		607FACE01AFB9204008FA782 /* LaunchScreen.xib in Resources */ = {isa = PBXBuildFile; fileRef = 607FACDE1AFB9204008FA782 /* LaunchScreen.xib */; };
		629C42511CEB58D000DA57D8 /* markdown.txt in Resources */ = {isa = PBXBuildFile; fileRef = 629C42501CEB58D000DA57D8 /* markdown.txt */; };
/* End PBXBuildFile section */

/* Begin PBXCopyFilesBuildPhase section */
		F95E700821A5E9FC006CA76E /* Embed App Extensions */ = {
			isa = PBXCopyFilesBuildPhase;
			buildActionMask = 2147483647;
			dstPath = "";
			dstSubfolderSpec = 13;
			files = (
			);
			name = "Embed App Extensions";
			runOnlyForDeploymentPostprocessing = 0;
		};
/* End PBXCopyFilesBuildPhase section */

/* Begin PBXFileReference section */
		018E014526A6AC4000B6A4A3 /* ShortLinkRuleTests.swift */ = {isa = PBXFileReference; lastKnownFileType = sourcecode.swift; path = ShortLinkRuleTests.swift; sourceTree = "<group>"; };
		07614EA120B5565F00917A0C /* AdvancedMarkdownViewController.swift */ = {isa = PBXFileReference; lastKnownFileType = sourcecode.swift; path = AdvancedMarkdownViewController.swift; sourceTree = "<group>"; };
		07EC79F41CF3A19D004239CB /* ListRuleTests.swift */ = {isa = PBXFileReference; fileEncoding = 4; lastKnownFileType = sourcecode.swift; path = ListRuleTests.swift; sourceTree = "<group>"; };
		0DFE057E29DEC23400AD2BF0 /* Marky-Mark */ = {isa = PBXFileReference; lastKnownFileType = wrapper; name = "Marky-Mark"; path = ..; sourceTree = "<group>"; };
		607FACD01AFB9204008FA782 /* markymark_Example.app */ = {isa = PBXFileReference; explicitFileType = wrapper.application; includeInIndex = 0; path = markymark_Example.app; sourceTree = BUILT_PRODUCTS_DIR; };
		607FACD41AFB9204008FA782 /* Info.plist */ = {isa = PBXFileReference; lastKnownFileType = text.plist.xml; path = Info.plist; sourceTree = "<group>"; };
		607FACD51AFB9204008FA782 /* AppDelegate.swift */ = {isa = PBXFileReference; lastKnownFileType = sourcecode.swift; path = AppDelegate.swift; sourceTree = "<group>"; };
		607FACD71AFB9204008FA782 /* SimpleMarkDownViewController.swift */ = {isa = PBXFileReference; lastKnownFileType = sourcecode.swift; path = SimpleMarkDownViewController.swift; sourceTree = "<group>"; };
		607FACDA1AFB9204008FA782 /* Base */ = {isa = PBXFileReference; lastKnownFileType = file.storyboard; name = Base; path = Base.lproj/Main.storyboard; sourceTree = "<group>"; };
		607FACDC1AFB9204008FA782 /* Images.xcassets */ = {isa = PBXFileReference; lastKnownFileType = folder.assetcatalog; path = Images.xcassets; sourceTree = "<group>"; };
		607FACDF1AFB9204008FA782 /* Base */ = {isa = PBXFileReference; lastKnownFileType = file.xib; name = Base; path = Base.lproj/LaunchScreen.xib; sourceTree = "<group>"; };
		607FACEA1AFB9204008FA782 /* Info.plist */ = {isa = PBXFileReference; lastKnownFileType = text.plist.xml; path = Info.plist; sourceTree = "<group>"; };
		629C42241CEB47F900DA57D8 /* MarkyMarkContentfulIntegrationTests.swift */ = {isa = PBXFileReference; fileEncoding = 4; lastKnownFileType = sourcecode.swift; path = MarkyMarkContentfulIntegrationTests.swift; sourceTree = "<group>"; };
		629C42271CEB47F900DA57D8 /* HeaderRuleTests.swift */ = {isa = PBXFileReference; fileEncoding = 4; lastKnownFileType = sourcecode.swift; path = HeaderRuleTests.swift; sourceTree = "<group>"; };
		629C42281CEB47F900DA57D8 /* ParagraphRuleTests.swift */ = {isa = PBXFileReference; fileEncoding = 4; lastKnownFileType = sourcecode.swift; path = ParagraphRuleTests.swift; sourceTree = "<group>"; };
		629C422B1CEB47F900DA57D8 /* MarkDownConverterConfigurationTests.swift */ = {isa = PBXFileReference; fileEncoding = 4; lastKnownFileType = sourcecode.swift; path = MarkDownConverterConfigurationTests.swift; sourceTree = "<group>"; };
		629C422C1CEB47F900DA57D8 /* MarkDownConverterTests.swift */ = {isa = PBXFileReference; fileEncoding = 4; lastKnownFileType = sourcecode.swift; path = MarkDownConverterTests.swift; sourceTree = "<group>"; };
		629C42311CEB47F900DA57D8 /* HeaderMarkDownItemTests.swift */ = {isa = PBXFileReference; fileEncoding = 4; lastKnownFileType = sourcecode.swift; path = HeaderMarkDownItemTests.swift; sourceTree = "<group>"; };
		629C42321CEB47F900DA57D8 /* MarkDownItemTests.swift */ = {isa = PBXFileReference; fileEncoding = 4; lastKnownFileType = sourcecode.swift; path = MarkDownItemTests.swift; sourceTree = "<group>"; };
		629C42331CEB47F900DA57D8 /* ParagraphMarkDownItemTests.swift */ = {isa = PBXFileReference; fileEncoding = 4; lastKnownFileType = sourcecode.swift; path = ParagraphMarkDownItemTests.swift; sourceTree = "<group>"; };
		629C42341CEB47F900DA57D8 /* MarkDownLinesTests.swift */ = {isa = PBXFileReference; fileEncoding = 4; lastKnownFileType = sourcecode.swift; path = MarkDownLinesTests.swift; sourceTree = "<group>"; };
		629C42351CEB47F900DA57D8 /* MarkyMarkTests.swift */ = {isa = PBXFileReference; fileEncoding = 4; lastKnownFileType = sourcecode.swift; path = MarkyMarkTests.swift; sourceTree = "<group>"; };
		629C42501CEB58D000DA57D8 /* markdown.txt */ = {isa = PBXFileReference; fileEncoding = 4; lastKnownFileType = text; path = markdown.txt; sourceTree = "<group>"; };
		9A06FCF01CF72B4D0040251D /* AlphabeticListTypeTests.swift */ = {isa = PBXFileReference; fileEncoding = 4; lastKnownFileType = sourcecode.swift; path = AlphabeticListTypeTests.swift; sourceTree = "<group>"; };
		9A8BE0A31CEE0416004593A0 /* BoldRuleTests.swift */ = {isa = PBXFileReference; fileEncoding = 4; lastKnownFileType = sourcecode.swift; path = BoldRuleTests.swift; sourceTree = "<group>"; };
		9A8BE0A41CEE0416004593A0 /* ImageRuleTests.swift */ = {isa = PBXFileReference; fileEncoding = 4; lastKnownFileType = sourcecode.swift; path = ImageRuleTests.swift; sourceTree = "<group>"; };
		9A8BE0A51CEE0416004593A0 /* InlineCodeRuleTests.swift */ = {isa = PBXFileReference; fileEncoding = 4; lastKnownFileType = sourcecode.swift; path = InlineCodeRuleTests.swift; sourceTree = "<group>"; };
		9A8BE0A61CEE0416004593A0 /* InlineTextRuleTests.swift */ = {isa = PBXFileReference; fileEncoding = 4; lastKnownFileType = sourcecode.swift; path = InlineTextRuleTests.swift; sourceTree = "<group>"; };
		9A8BE0A71CEE0416004593A0 /* ItalicRuleTests.swift */ = {isa = PBXFileReference; fileEncoding = 4; lastKnownFileType = sourcecode.swift; path = ItalicRuleTests.swift; sourceTree = "<group>"; };
		9A8BE0A81CEE0416004593A0 /* LinkRuleTests.swift */ = {isa = PBXFileReference; fileEncoding = 4; lastKnownFileType = sourcecode.swift; path = LinkRuleTests.swift; sourceTree = "<group>"; };
		9A8BE0A91CEE0416004593A0 /* StrikeRuleTests.swift */ = {isa = PBXFileReference; fileEncoding = 4; lastKnownFileType = sourcecode.swift; path = StrikeRuleTests.swift; sourceTree = "<group>"; };
		9A8BE0B21CEE044E004593A0 /* BlockQuoteRuleTests.swift */ = {isa = PBXFileReference; fileEncoding = 4; lastKnownFileType = sourcecode.swift; path = BlockQuoteRuleTests.swift; sourceTree = "<group>"; };
		9A8BE0B31CEE044E004593A0 /* CodeBlockRuleTests.swift */ = {isa = PBXFileReference; fileEncoding = 4; lastKnownFileType = sourcecode.swift; path = CodeBlockRuleTests.swift; sourceTree = "<group>"; };
		9A8BE0B71CEE0458004593A0 /* HorizontalLineRuleTests.swift */ = {isa = PBXFileReference; fileEncoding = 4; lastKnownFileType = sourcecode.swift; path = HorizontalLineRuleTests.swift; sourceTree = "<group>"; };
		9A8BE0B81CEE0458004593A0 /* ImageBlockRuleTests.swift */ = {isa = PBXFileReference; fileEncoding = 4; lastKnownFileType = sourcecode.swift; path = ImageBlockRuleTests.swift; sourceTree = "<group>"; };
		9A957FAE1CF730FB00465146 /* OrderedListTypeTests.swift */ = {isa = PBXFileReference; fileEncoding = 4; lastKnownFileType = sourcecode.swift; path = OrderedListTypeTests.swift; sourceTree = "<group>"; };
		9AD91A791CF7393A00BA3FD4 /* UnOrderedListTypeTests.swift */ = {isa = PBXFileReference; fileEncoding = 4; lastKnownFileType = sourcecode.swift; path = UnOrderedListTypeTests.swift; sourceTree = "<group>"; };
		9AD91A7D1CF851CF00BA3FD4 /* ListRuleIntegrationTests.swift */ = {isa = PBXFileReference; fileEncoding = 4; lastKnownFileType = sourcecode.swift; path = ListRuleIntegrationTests.swift; sourceTree = "<group>"; };
		F927877421F8BB5200039986 /* URLaddHTTPSIfSchemeIsMissingTests.swift */ = {isa = PBXFileReference; lastKnownFileType = sourcecode.swift; path = URLaddHTTPSIfSchemeIsMissingTests.swift; sourceTree = "<group>"; };
		F95E6FF921A5E9FC006CA76E /* NotificationCenter.framework */ = {isa = PBXFileReference; lastKnownFileType = wrapper.framework; name = NotificationCenter.framework; path = System/Library/Frameworks/NotificationCenter.framework; sourceTree = SDKROOT; };
/* End PBXFileReference section */

/* Begin PBXFrameworksBuildPhase section */
		607FACCD1AFB9204008FA782 /* Frameworks */ = {
			isa = PBXFrameworksBuildPhase;
			buildActionMask = 2147483647;
			files = (
				0DFE058029DEC25B00AD2BF0 /* markymark in Frameworks */,
			);
			runOnlyForDeploymentPostprocessing = 0;
		};
/* End PBXFrameworksBuildPhase section */

/* Begin PBXGroup section */
		0C813F5425A4993300F805D0 /* Inline */ = {
			isa = PBXGroup;
			children = (
				9A8BE0A31CEE0416004593A0 /* BoldRuleTests.swift */,
				9A8BE0A41CEE0416004593A0 /* ImageRuleTests.swift */,
				9A8BE0A51CEE0416004593A0 /* InlineCodeRuleTests.swift */,
				9A8BE0A61CEE0416004593A0 /* InlineTextRuleTests.swift */,
				9A8BE0A71CEE0416004593A0 /* ItalicRuleTests.swift */,
				9A8BE0A81CEE0416004593A0 /* LinkRuleTests.swift */,
				9A8BE0A91CEE0416004593A0 /* StrikeRuleTests.swift */,
				018E014526A6AC4000B6A4A3 /* ShortLinkRuleTests.swift */,
			);
			path = Inline;
			sourceTree = "<group>";
		};
		0DFE057D29DEC23400AD2BF0 /* Packages */ = {
			isa = PBXGroup;
			children = (
				0DFE057E29DEC23400AD2BF0 /* Marky-Mark */,
			);
			name = Packages;
			sourceTree = "<group>";
		};
		607FACC71AFB9204008FA782 = {
			isa = PBXGroup;
			children = (
				0DFE057D29DEC23400AD2BF0 /* Packages */,
				607FACD21AFB9204008FA782 /* Example for markymark */,
				607FACE81AFB9204008FA782 /* Tests */,
				607FACD11AFB9204008FA782 /* Products */,
				FD08777330AF1F43499E5156 /* Frameworks */,
			);
			sourceTree = "<group>";
		};
		607FACD11AFB9204008FA782 /* Products */ = {
			isa = PBXGroup;
			children = (
				607FACD01AFB9204008FA782 /* markymark_Example.app */,
			);
			name = Products;
			sourceTree = "<group>";
		};
		607FACD21AFB9204008FA782 /* Example for markymark */ = {
			isa = PBXGroup;
			children = (
				607FACD51AFB9204008FA782 /* AppDelegate.swift */,
				607FACD71AFB9204008FA782 /* SimpleMarkDownViewController.swift */,
				07614EA120B5565F00917A0C /* AdvancedMarkdownViewController.swift */,
				607FACD91AFB9204008FA782 /* Main.storyboard */,
				607FACDC1AFB9204008FA782 /* Images.xcassets */,
				607FACDE1AFB9204008FA782 /* LaunchScreen.xib */,
				607FACD31AFB9204008FA782 /* Supporting Files */,
			);
			name = "Example for markymark";
			path = markymark;
			sourceTree = "<group>";
		};
		607FACD31AFB9204008FA782 /* Supporting Files */ = {
			isa = PBXGroup;
			children = (
				629C42501CEB58D000DA57D8 /* markdown.txt */,
				607FACD41AFB9204008FA782 /* Info.plist */,
			);
			name = "Supporting Files";
			sourceTree = "<group>";
		};
		607FACE81AFB9204008FA782 /* Tests */ = {
			isa = PBXGroup;
			children = (
				F927877321F8BB3D00039986 /* Helpers */,
				629C42241CEB47F900DA57D8 /* MarkyMarkContentfulIntegrationTests.swift */,
				9AD91A7D1CF851CF00BA3FD4 /* ListRuleIntegrationTests.swift */,
				629C42251CEB47F900DA57D8 /* Rules */,
				629C42291CEB47F900DA57D8 /* Converter */,
				629C42301CEB47F900DA57D8 /* MarkDown Items */,
				629C42341CEB47F900DA57D8 /* MarkDownLinesTests.swift */,
				629C42351CEB47F900DA57D8 /* MarkyMarkTests.swift */,
				607FACE91AFB9204008FA782 /* Supporting Files */,
			);
			path = Tests;
			sourceTree = "<group>";
		};
		607FACE91AFB9204008FA782 /* Supporting Files */ = {
			isa = PBXGroup;
			children = (
				607FACEA1AFB9204008FA782 /* Info.plist */,
			);
			name = "Supporting Files";
			sourceTree = "<group>";
		};
		629C42251CEB47F900DA57D8 /* Rules */ = {
			isa = PBXGroup;
			children = (
				629C42261CEB47F900DA57D8 /* Block */,
				0C813F5425A4993300F805D0 /* Inline */,
			);
			path = Rules;
			sourceTree = "<group>";
		};
		629C42261CEB47F900DA57D8 /* Block */ = {
			isa = PBXGroup;
			children = (
				9A06FCF01CF72B4D0040251D /* AlphabeticListTypeTests.swift */,
				629C42271CEB47F900DA57D8 /* HeaderRuleTests.swift */,
				9A8BE0B71CEE0458004593A0 /* HorizontalLineRuleTests.swift */,
				9A8BE0B81CEE0458004593A0 /* ImageBlockRuleTests.swift */,
				9A8BE0B21CEE044E004593A0 /* BlockQuoteRuleTests.swift */,
				9A8BE0B31CEE044E004593A0 /* CodeBlockRuleTests.swift */,
				629C42281CEB47F900DA57D8 /* ParagraphRuleTests.swift */,
				07EC79F41CF3A19D004239CB /* ListRuleTests.swift */,
				9A957FAE1CF730FB00465146 /* OrderedListTypeTests.swift */,
				9AD91A791CF7393A00BA3FD4 /* UnOrderedListTypeTests.swift */,
			);
			path = Block;
			sourceTree = "<group>";
		};
		629C42291CEB47F900DA57D8 /* Converter */ = {
			isa = PBXGroup;
			children = (
				629C422A1CEB47F900DA57D8 /* Configuration */,
				629C422C1CEB47F900DA57D8 /* MarkDownConverterTests.swift */,
			);
			path = Converter;
			sourceTree = "<group>";
		};
		629C422A1CEB47F900DA57D8 /* Configuration */ = {
			isa = PBXGroup;
			children = (
				629C422B1CEB47F900DA57D8 /* MarkDownConverterConfigurationTests.swift */,
			);
			path = Configuration;
			sourceTree = "<group>";
		};
		629C42301CEB47F900DA57D8 /* MarkDown Items */ = {
			isa = PBXGroup;
			children = (
				629C42311CEB47F900DA57D8 /* HeaderMarkDownItemTests.swift */,
				629C42321CEB47F900DA57D8 /* MarkDownItemTests.swift */,
				629C42331CEB47F900DA57D8 /* ParagraphMarkDownItemTests.swift */,
			);
			path = "MarkDown Items";
			sourceTree = "<group>";
		};
		F927877321F8BB3D00039986 /* Helpers */ = {
			isa = PBXGroup;
			children = (
				F927877421F8BB5200039986 /* URLaddHTTPSIfSchemeIsMissingTests.swift */,
			);
			path = Helpers;
			sourceTree = "<group>";
		};
		FD08777330AF1F43499E5156 /* Frameworks */ = {
			isa = PBXGroup;
			children = (
				F95E6FF921A5E9FC006CA76E /* NotificationCenter.framework */,
			);
			name = Frameworks;
			sourceTree = "<group>";
		};
/* End PBXGroup section */

/* Begin PBXNativeTarget section */
		607FACCF1AFB9204008FA782 /* markymark_Example */ = {
			isa = PBXNativeTarget;
			buildConfigurationList = 607FACEF1AFB9204008FA782 /* Build configuration list for PBXNativeTarget "markymark_Example" */;
			buildPhases = (
				607FACCC1AFB9204008FA782 /* Sources */,
				607FACCD1AFB9204008FA782 /* Frameworks */,
				607FACCE1AFB9204008FA782 /* Resources */,
				F95E700821A5E9FC006CA76E /* Embed App Extensions */,
			);
			buildRules = (
			);
			dependencies = (
			);
			name = markymark_Example;
			packageProductDependencies = (
				0DFE057F29DEC25B00AD2BF0 /* markymark */,
			);
			productName = markymark;
			productReference = 607FACD01AFB9204008FA782 /* markymark_Example.app */;
			productType = "com.apple.product-type.application";
		};
/* End PBXNativeTarget section */

/* Begin PBXProject section */
		607FACC81AFB9204008FA782 /* Project object */ = {
			isa = PBXProject;
			attributes = {
				LastSwiftUpdateCheck = 1010;
				LastUpgradeCheck = 0900;
				ORGANIZATIONNAME = CocoaPods;
				TargetAttributes = {
					607FACCF1AFB9204008FA782 = {
						CreatedOnToolsVersion = 6.3.1;
						DevelopmentTeam = 3B6J93GERH;
						LastSwiftMigration = 1330;
						ProvisioningStyle = Automatic;
					};
				};
			};
			buildConfigurationList = 607FACCB1AFB9204008FA782 /* Build configuration list for PBXProject "markymark" */;
			compatibilityVersion = "Xcode 3.2";
			developmentRegion = English;
			hasScannedForEncodings = 0;
			knownRegions = (
				English,
				en,
				Base,
			);
			mainGroup = 607FACC71AFB9204008FA782;
			productRefGroup = 607FACD11AFB9204008FA782 /* Products */;
			projectDirPath = "";
			projectRoot = "";
			targets = (
				607FACCF1AFB9204008FA782 /* markymark_Example */,
			);
		};
/* End PBXProject section */

/* Begin PBXResourcesBuildPhase section */
		607FACCE1AFB9204008FA782 /* Resources */ = {
			isa = PBXResourcesBuildPhase;
			buildActionMask = 2147483647;
			files = (
				607FACDB1AFB9204008FA782 /* Main.storyboard in Resources */,
				629C42511CEB58D000DA57D8 /* markdown.txt in Resources */,
				607FACE01AFB9204008FA782 /* LaunchScreen.xib in Resources */,
				607FACDD1AFB9204008FA782 /* Images.xcassets in Resources */,
			);
			runOnlyForDeploymentPostprocessing = 0;
		};
/* End PBXResourcesBuildPhase section */

/* Begin PBXSourcesBuildPhase section */
		607FACCC1AFB9204008FA782 /* Sources */ = {
			isa = PBXSourcesBuildPhase;
			buildActionMask = 2147483647;
			files = (
				607FACD81AFB9204008FA782 /* SimpleMarkDownViewController.swift in Sources */,
				607FACD61AFB9204008FA782 /* AppDelegate.swift in Sources */,
				07614EA220B5565F00917A0C /* AdvancedMarkdownViewController.swift in Sources */,
			);
			runOnlyForDeploymentPostprocessing = 0;
		};
/* End PBXSourcesBuildPhase section */

/* Begin PBXVariantGroup section */
		607FACD91AFB9204008FA782 /* Main.storyboard */ = {
			isa = PBXVariantGroup;
			children = (
				607FACDA1AFB9204008FA782 /* Base */,
			);
			name = Main.storyboard;
			sourceTree = "<group>";
		};
		607FACDE1AFB9204008FA782 /* LaunchScreen.xib */ = {
			isa = PBXVariantGroup;
			children = (
				607FACDF1AFB9204008FA782 /* Base */,
			);
			name = LaunchScreen.xib;
			sourceTree = "<group>";
		};
/* End PBXVariantGroup section */

/* Begin XCBuildConfiguration section */
		607FACED1AFB9204008FA782 /* Debug */ = {
			isa = XCBuildConfiguration;
			buildSettings = {
				ALWAYS_SEARCH_USER_PATHS = NO;
				CLANG_CXX_LANGUAGE_STANDARD = "gnu++0x";
				CLANG_CXX_LIBRARY = "libc++";
				CLANG_ENABLE_MODULES = YES;
				CLANG_ENABLE_OBJC_ARC = YES;
				CLANG_WARN_BLOCK_CAPTURE_AUTORELEASING = YES;
				CLANG_WARN_BOOL_CONVERSION = YES;
				CLANG_WARN_COMMA = YES;
				CLANG_WARN_CONSTANT_CONVERSION = YES;
				CLANG_WARN_DIRECT_OBJC_ISA_USAGE = YES_ERROR;
				CLANG_WARN_EMPTY_BODY = YES;
				CLANG_WARN_ENUM_CONVERSION = YES;
				CLANG_WARN_INFINITE_RECURSION = YES;
				CLANG_WARN_INT_CONVERSION = YES;
				CLANG_WARN_NON_LITERAL_NULL_CONVERSION = YES;
				CLANG_WARN_OBJC_LITERAL_CONVERSION = YES;
				CLANG_WARN_OBJC_ROOT_CLASS = YES_ERROR;
				CLANG_WARN_RANGE_LOOP_ANALYSIS = YES;
				CLANG_WARN_STRICT_PROTOTYPES = YES;
				CLANG_WARN_SUSPICIOUS_MOVE = YES;
				CLANG_WARN_UNREACHABLE_CODE = YES;
				CLANG_WARN__DUPLICATE_METHOD_MATCH = YES;
				CODE_SIGN_IDENTITY = "iPhone Developer";
				"CODE_SIGN_IDENTITY[sdk=iphoneos*]" = "iPhone Developer";
				COPY_PHASE_STRIP = NO;
				DEBUG_INFORMATION_FORMAT = "dwarf-with-dsym";
				ENABLE_STRICT_OBJC_MSGSEND = YES;
				ENABLE_TESTABILITY = YES;
				GCC_C_LANGUAGE_STANDARD = gnu99;
				GCC_DYNAMIC_NO_PIC = NO;
				GCC_NO_COMMON_BLOCKS = YES;
				GCC_OPTIMIZATION_LEVEL = 0;
				GCC_PREPROCESSOR_DEFINITIONS = (
					"DEBUG=1",
					"$(inherited)",
				);
				GCC_SYMBOLS_PRIVATE_EXTERN = NO;
				GCC_WARN_64_TO_32_BIT_CONVERSION = YES;
				GCC_WARN_ABOUT_RETURN_TYPE = YES_ERROR;
				GCC_WARN_UNDECLARED_SELECTOR = YES;
				GCC_WARN_UNINITIALIZED_AUTOS = YES_AGGRESSIVE;
				GCC_WARN_UNUSED_FUNCTION = YES;
				GCC_WARN_UNUSED_VARIABLE = YES;
				IPHONEOS_DEPLOYMENT_TARGET = 11.0;
				MTL_ENABLE_DEBUG_INFO = YES;
				ONLY_ACTIVE_ARCH = YES;
				SDKROOT = iphoneos;
				SWIFT_OPTIMIZATION_LEVEL = "-Onone";
			};
			name = Debug;
		};
		607FACEE1AFB9204008FA782 /* Release */ = {
			isa = XCBuildConfiguration;
			buildSettings = {
				ALWAYS_SEARCH_USER_PATHS = NO;
				CLANG_CXX_LANGUAGE_STANDARD = "gnu++0x";
				CLANG_CXX_LIBRARY = "libc++";
				CLANG_ENABLE_MODULES = YES;
				CLANG_ENABLE_OBJC_ARC = YES;
				CLANG_WARN_BLOCK_CAPTURE_AUTORELEASING = YES;
				CLANG_WARN_BOOL_CONVERSION = YES;
				CLANG_WARN_COMMA = YES;
				CLANG_WARN_CONSTANT_CONVERSION = YES;
				CLANG_WARN_DIRECT_OBJC_ISA_USAGE = YES_ERROR;
				CLANG_WARN_EMPTY_BODY = YES;
				CLANG_WARN_ENUM_CONVERSION = YES;
				CLANG_WARN_INFINITE_RECURSION = YES;
				CLANG_WARN_INT_CONVERSION = YES;
				CLANG_WARN_NON_LITERAL_NULL_CONVERSION = YES;
				CLANG_WARN_OBJC_LITERAL_CONVERSION = YES;
				CLANG_WARN_OBJC_ROOT_CLASS = YES_ERROR;
				CLANG_WARN_RANGE_LOOP_ANALYSIS = YES;
				CLANG_WARN_STRICT_PROTOTYPES = YES;
				CLANG_WARN_SUSPICIOUS_MOVE = YES;
				CLANG_WARN_UNREACHABLE_CODE = YES;
				CLANG_WARN__DUPLICATE_METHOD_MATCH = YES;
				CODE_SIGN_IDENTITY = "iPhone Developer";
				"CODE_SIGN_IDENTITY[sdk=iphoneos*]" = "iPhone Developer";
				COPY_PHASE_STRIP = NO;
				DEBUG_INFORMATION_FORMAT = "dwarf-with-dsym";
				ENABLE_NS_ASSERTIONS = NO;
				ENABLE_STRICT_OBJC_MSGSEND = YES;
				GCC_C_LANGUAGE_STANDARD = gnu99;
				GCC_NO_COMMON_BLOCKS = YES;
				GCC_OPTIMIZATION_LEVEL = s;
				GCC_WARN_64_TO_32_BIT_CONVERSION = YES;
				GCC_WARN_ABOUT_RETURN_TYPE = YES_ERROR;
				GCC_WARN_UNDECLARED_SELECTOR = YES;
				GCC_WARN_UNINITIALIZED_AUTOS = YES_AGGRESSIVE;
				GCC_WARN_UNUSED_FUNCTION = YES;
				GCC_WARN_UNUSED_VARIABLE = YES;
				IPHONEOS_DEPLOYMENT_TARGET = 11.0;
				MTL_ENABLE_DEBUG_INFO = NO;
				SDKROOT = iphoneos;
				SWIFT_COMPILATION_MODE = wholemodule;
				SWIFT_OPTIMIZATION_LEVEL = "-O";
				VALIDATE_PRODUCT = YES;
			};
			name = Release;
		};
		607FACF01AFB9204008FA782 /* Debug */ = {
			isa = XCBuildConfiguration;
			buildSettings = {
				ASSETCATALOG_COMPILER_APPICON_NAME = AppIcon;
				CODE_SIGN_IDENTITY = "";
				"CODE_SIGN_IDENTITY[sdk=iphoneos*]" = "iPhone Developer";
				DEVELOPMENT_TEAM = 3B6J93GERH;
				INFOPLIST_FILE = markymark/Info.plist;
				IPHONEOS_DEPLOYMENT_TARGET = 12.0;
				LD_RUNPATH_SEARCH_PATHS = (
					"$(inherited)",
					"@executable_path/Frameworks",
				);
				MODULE_NAME = ExampleApp;
				PRODUCT_BUNDLE_IDENTIFIER = "org.cocoapods.demo.$(PRODUCT_NAME:rfc1034identifier)";
				PRODUCT_NAME = "$(TARGET_NAME)";
				PROVISIONING_PROFILE = "";
				SWIFT_VERSION = 5.0;
			};
			name = Debug;
		};
		607FACF11AFB9204008FA782 /* Release */ = {
			isa = XCBuildConfiguration;
			buildSettings = {
				ASSETCATALOG_COMPILER_APPICON_NAME = AppIcon;
				CODE_SIGN_IDENTITY = "";
				"CODE_SIGN_IDENTITY[sdk=iphoneos*]" = "iPhone Developer";
				DEVELOPMENT_TEAM = 3B6J93GERH;
				INFOPLIST_FILE = markymark/Info.plist;
				IPHONEOS_DEPLOYMENT_TARGET = 12.0;
				LD_RUNPATH_SEARCH_PATHS = (
					"$(inherited)",
					"@executable_path/Frameworks",
				);
				MODULE_NAME = ExampleApp;
				PRODUCT_BUNDLE_IDENTIFIER = "org.cocoapods.demo.$(PRODUCT_NAME:rfc1034identifier)";
				PRODUCT_NAME = "$(TARGET_NAME)";
				PROVISIONING_PROFILE = "";
				SWIFT_VERSION = 5.0;
			};
			name = Release;
		};
/* End XCBuildConfiguration section */

/* Begin XCConfigurationList section */
		607FACCB1AFB9204008FA782 /* Build configuration list for PBXProject "markymark" */ = {
			isa = XCConfigurationList;
			buildConfigurations = (
				607FACED1AFB9204008FA782 /* Debug */,
				607FACEE1AFB9204008FA782 /* Release */,
			);
			defaultConfigurationIsVisible = 0;
			defaultConfigurationName = Release;
		};
		607FACEF1AFB9204008FA782 /* Build configuration list for PBXNativeTarget "markymark_Example" */ = {
			isa = XCConfigurationList;
			buildConfigurations = (
				607FACF01AFB9204008FA782 /* Debug */,
				607FACF11AFB9204008FA782 /* Release */,
			);
			defaultConfigurationIsVisible = 0;
			defaultConfigurationName = Release;
		};
/* End XCConfigurationList section */

/* Begin XCSwiftPackageProductDependency section */
		0DFE057F29DEC25B00AD2BF0 /* markymark */ = {
			isa = XCSwiftPackageProductDependency;
			productName = markymark;
		};
/* End XCSwiftPackageProductDependency section */
	};
	rootObject = 607FACC81AFB9204008FA782 /* Project object */;
}
